
Microsoft Visual Studio Solution File, Format Version 12.00
# Visual Studio 15
Project("{FAE04EC0-301F-11D3-BF4B-00C04F79EFBC}") = "Assembly-CSharp", "Assembly-CSharp.csproj", "{DAB0433E-86FB-0C9C-D31F-B5430940D9D3}"
EndProject
Project("{FAE04EC0-301F-11D3-BF4B-00C04F79EFBC}") = "Assembly-CSharp-Editor", "Assembly-CSharp-Editor.csproj", "{AD9A6405-C9F2-49BA-DD91-334EBF143676}"
EndProject
Global
	GlobalSection(SolutionConfigurationPlatforms) = preSolution
		Debug|Any CPU = Debug|Any CPU
		Release|Any CPU = Release|Any CPU
	EndGlobalSection
	GlobalSection(ProjectConfigurationPlatforms) = postSolution
		{DAB0433E-86FB-0C9C-D31F-B5430940D9D3}.Debug|Any CPU.ActiveCfg = Debug|Any CPU
		{DAB0433E-86FB-0C9C-D31F-B5430940D9D3}.Debug|Any CPU.Build.0 = Debug|Any CPU
		{DAB0433E-86FB-0C9C-D31F-B5430940D9D3}.Release|Any CPU.ActiveCfg = Release|Any CPU
		{DAB0433E-86FB-0C9C-D31F-B5430940D9D3}.Release|Any CPU.Build.0 = Release|Any CPU
		{AD9A6405-C9F2-49BA-DD91-334EBF143676}.Debug|Any CPU.ActiveCfg = Debug|Any CPU
		{AD9A6405-C9F2-49BA-DD91-334EBF143676}.Debug|Any CPU.Build.0 = Debug|Any CPU
		{AD9A6405-C9F2-49BA-DD91-334EBF143676}.Release|Any CPU.ActiveCfg = Release|Any CPU
		{AD9A6405-C9F2-49BA-DD91-334EBF143676}.Release|Any CPU.Build.0 = Release|Any CPU
	EndGlobalSection
	GlobalSection(SolutionProperties) = preSolution
		HideSolutionNode = FALSE
	EndGlobalSection
EndGlobal
